
Microsoft Visual Studio Solution File, Format Version 12.00
# Visual Studio Version 16
VisualStudioVersion = 16.0.29025.244
MinimumVisualStudioVersion = 10.0.40219.1
Project("{9A19103F-16F7-4668-BE54-9A1E7A4F7556}") = "Persistence", "Persistence\Persistence.csproj", "{2AC6CA1D-18AF-4D7B-BB7E-A99B9DB4F4CF}"
EndProject
Project("{9A19103F-16F7-4668-BE54-9A1E7A4F7556}") = "Domain.Service", "Domain.Service\Domain.Service.csproj", "{85BB0073-44A4-45D5-BDAA-C44DD1BB15F7}"
EndProject
Project("{9A19103F-16F7-4668-BE54-9A1E7A4F7556}") = "UnitTests", "UnitTests\UnitTests.csproj", "{BB6FAE5B-B930-44CE-941A-AA384FDFAAC0}"
EndProject
Project("{FAE04EC0-301F-11D3-BF4B-00C04F79EFBC}") = "AcceptanceTests", "AcceptanceTests\AcceptanceTests.csproj", "{2D96267F-BA0C-47B1-A3C0-86C6B9CB1AAE}"
EndProject
Project("{2150E333-8FDC-42A3-9474-1A3956D46DE8}") = "Tests", "Tests", "{FB9E09F5-F039-4833-9C01-C23A245EB30D}"
EndProject
Global
	GlobalSection(SolutionConfigurationPlatforms) = preSolution
		Debug|Any CPU = Debug|Any CPU
		Release|Any CPU = Release|Any CPU
	EndGlobalSection
	GlobalSection(ProjectConfigurationPlatforms) = postSolution
		{2AC6CA1D-18AF-4D7B-BB7E-A99B9DB4F4CF}.Debug|Any CPU.ActiveCfg = Debug|Any CPU
		{2AC6CA1D-18AF-4D7B-BB7E-A99B9DB4F4CF}.Debug|Any CPU.Build.0 = Debug|Any CPU
		{2AC6CA1D-18AF-4D7B-BB7E-A99B9DB4F4CF}.Release|Any CPU.ActiveCfg = Release|Any CPU
		{2AC6CA1D-18AF-4D7B-BB7E-A99B9DB4F4CF}.Release|Any CPU.Build.0 = Release|Any CPU
		{85BB0073-44A4-45D5-BDAA-C44DD1BB15F7}.Debug|Any CPU.ActiveCfg = Debug|Any CPU
		{85BB0073-44A4-45D5-BDAA-C44DD1BB15F7}.Debug|Any CPU.Build.0 = Debug|Any CPU
		{85BB0073-44A4-45D5-BDAA-C44DD1BB15F7}.Release|Any CPU.ActiveCfg = Release|Any CPU
		{85BB0073-44A4-45D5-BDAA-C44DD1BB15F7}.Release|Any CPU.Build.0 = Release|Any CPU
		{BB6FAE5B-B930-44CE-941A-AA384FDFAAC0}.Debug|Any CPU.ActiveCfg = Debug|Any CPU
		{BB6FAE5B-B930-44CE-941A-AA384FDFAAC0}.Debug|Any CPU.Build.0 = Debug|Any CPU
		{BB6FAE5B-B930-44CE-941A-AA384FDFAAC0}.Release|Any CPU.ActiveCfg = Release|Any CPU
		{BB6FAE5B-B930-44CE-941A-AA384FDFAAC0}.Release|Any CPU.Build.0 = Release|Any CPU
		{2D96267F-BA0C-47B1-A3C0-86C6B9CB1AAE}.Debug|Any CPU.ActiveCfg = Debug|Any CPU
		{2D96267F-BA0C-47B1-A3C0-86C6B9CB1AAE}.Debug|Any CPU.Build.0 = Debug|Any CPU
		{2D96267F-BA0C-47B1-A3C0-86C6B9CB1AAE}.Release|Any CPU.ActiveCfg = Release|Any CPU
		{2D96267F-BA0C-47B1-A3C0-86C6B9CB1AAE}.Release|Any CPU.Build.0 = Release|Any CPU
	EndGlobalSection
	GlobalSection(SolutionProperties) = preSolution
		HideSolutionNode = FALSE
	EndGlobalSection
	GlobalSection(NestedProjects) = preSolution
		{BB6FAE5B-B930-44CE-941A-AA384FDFAAC0} = {FB9E09F5-F039-4833-9C01-C23A245EB30D}
		{2D96267F-BA0C-47B1-A3C0-86C6B9CB1AAE} = {FB9E09F5-F039-4833-9C01-C23A245EB30D}
	EndGlobalSection
	GlobalSection(ExtensibilityGlobals) = postSolution
		SolutionGuid = {31B83F47-FD1A-4226-9F0E-FE21E0E45D42}
	EndGlobalSection
EndGlobal
